// !$*UTF8*$!
{
	archiveVersion = 1;
	classes = {
	};
	objectVersion = 46;
	objects = {

/* Begin PBXBuildFile section */
		133999E91C284C54009F52C2 /* main.m in Sources */ = {isa = PBXBuildFile; fileRef = 133999E81C284C54009F52C2 /* main.m */; };
		133999EC1C284C54009F52C2 /* AppDelegate.m in Sources */ = {isa = PBXBuildFile; fileRef = 133999EB1C284C54009F52C2 /* AppDelegate.m */; };
		133999EF1C284C54009F52C2 /* ViewController.m in Sources */ = {isa = PBXBuildFile; fileRef = 133999EE1C284C54009F52C2 /* ViewController.m */; };
		133999F21C284C54009F52C2 /* Main.storyboard in Resources */ = {isa = PBXBuildFile; fileRef = 133999F01C284C54009F52C2 /* Main.storyboard */; };
		133999F41C284C54009F52C2 /* Assets.xcassets in Resources */ = {isa = PBXBuildFile; fileRef = 133999F31C284C54009F52C2 /* Assets.xcassets */; };
		133999F71C284C54009F52C2 /* LaunchScreen.storyboard in Resources */ = {isa = PBXBuildFile; fileRef = 133999F51C284C54009F52C2 /* LaunchScreen.storyboard */; };
		13399A021C284C54009F52C2 /* OcSwiftTests.m in Sources */ = {isa = PBXBuildFile; fileRef = 13399A011C284C54009F52C2 /* OcSwiftTests.m */; };
		13399A0D1C284C54009F52C2 /* OcSwiftUITests.m in Sources */ = {isa = PBXBuildFile; fileRef = 13399A0C1C284C54009F52C2 /* OcSwiftUITests.m */; };
/* End PBXBuildFile section */

/* Begin PBXContainerItemProxy section */
		133999FE1C284C54009F52C2 /* PBXContainerItemProxy */ = {
			isa = PBXContainerItemProxy;
			containerPortal = 133999DC1C284C53009F52C2 /* Project object */;
			proxyType = 1;
			remoteGlobalIDString = 133999E31C284C53009F52C2;
			remoteInfo = OcSwift;
		};
		13399A091C284C54009F52C2 /* PBXContainerItemProxy */ = {
			isa = PBXContainerItemProxy;
			containerPortal = 133999DC1C284C53009F52C2 /* Project object */;
			proxyType = 1;
			remoteGlobalIDString = 133999E31C284C53009F52C2;
			remoteInfo = OcSwift;
		};
/* End PBXContainerItemProxy section */

/* Begin PBXFileReference section */
		133999E41C284C54009F52C2 /* OcSwift.app */ = {isa = PBXFileReference; explicitFileType = wrapper.application; includeInIndex = 0; path = OcSwift.app; sourceTree = BUILT_PRODUCTS_DIR; };
		133999E81C284C54009F52C2 /* main.m */ = {isa = PBXFileReference; lastKnownFileType = sourcecode.c.objc; path = main.m; sourceTree = "<group>"; };
		133999EA1C284C54009F52C2 /* AppDelegate.h */ = {isa = PBXFileReference; lastKnownFileType = sourcecode.c.h; path = AppDelegate.h; sourceTree = "<group>"; };
		133999EB1C284C54009F52C2 /* AppDelegate.m */ = {isa = PBXFileReference; lastKnownFileType = sourcecode.c.objc; path = AppDelegate.m; sourceTree = "<group>"; };
		133999ED1C284C54009F52C2 /* ViewController.h */ = {isa = PBXFileReference; lastKnownFileType = sourcecode.c.h; path = ViewController.h; sourceTree = "<group>"; };
		133999EE1C284C54009F52C2 /* ViewController.m */ = {isa = PBXFileReference; lastKnownFileType = sourcecode.c.objc; path = ViewController.m; sourceTree = "<group>"; };
		133999F11C284C54009F52C2 /* Base */ = {isa = PBXFileReference; lastKnownFileType = file.storyboard; name = Base; path = Base.lproj/Main.storyboard; sourceTree = "<group>"; };
		133999F31C284C54009F52C2 /* Assets.xcassets */ = {isa = PBXFileReference; lastKnownFileType = folder.assetcatalog; path = Assets.xcassets; sourceTree = "<group>"; };
		133999F61C284C54009F52C2 /* Base */ = {isa = PBXFileReference; lastKnownFileType = file.storyboard; name = Base; path = Base.lproj/LaunchScreen.storyboard; sourceTree = "<group>"; };
		133999F81C284C54009F52C2 /* Info.plist */ = {isa = PBXFileReference; lastKnownFileType = text.plist.xml; path = Info.plist; sourceTree = "<group>"; };
		133999FD1C284C54009F52C2 /* OcSwiftTests.xctest */ = {isa = PBXFileReference; explicitFileType = wrapper.cfbundle; includeInIndex = 0; path = OcSwiftTests.xctest; sourceTree = BUILT_PRODUCTS_DIR; };
		13399A011C284C54009F52C2 /* OcSwiftTests.m */ = {isa = PBXFileReference; lastKnownFileType = sourcecode.c.objc; path = OcSwiftTests.m; sourceTree = "<group>"; };
		13399A031C284C54009F52C2 /* Info.plist */ = {isa = PBXFileReference; lastKnownFileType = text.plist.xml; path = Info.plist; sourceTree = "<group>"; };
		13399A081C284C54009F52C2 /* OcSwiftUITests.xctest */ = {isa = PBXFileReference; explicitFileType = wrapper.cfbundle; includeInIndex = 0; path = OcSwiftUITests.xctest; sourceTree = BUILT_PRODUCTS_DIR; };
		13399A0C1C284C54009F52C2 /* OcSwiftUITests.m */ = {isa = PBXFileReference; lastKnownFileType = sourcecode.c.objc; path = OcSwiftUITests.m; sourceTree = "<group>"; };
		13399A0E1C284C54009F52C2 /* Info.plist */ = {isa = PBXFileReference; lastKnownFileType = text.plist.xml; path = Info.plist; sourceTree = "<group>"; };
/* End PBXFileReference section */

/* Begin PBXFrameworksBuildPhase section */
		133999E11C284C53009F52C2 /* Frameworks */ = {
			isa = PBXFrameworksBuildPhase;
			buildActionMask = 2147483647;
			files = (
			);
			runOnlyForDeploymentPostprocessing = 0;
		};
		133999FA1C284C54009F52C2 /* Frameworks */ = {
			isa = PBXFrameworksBuildPhase;
			buildActionMask = 2147483647;
			files = (
			);
			runOnlyForDeploymentPostprocessing = 0;
		};
		13399A051C284C54009F52C2 /* Frameworks */ = {
			isa = PBXFrameworksBuildPhase;
			buildActionMask = 2147483647;
			files = (
			);
			runOnlyForDeploymentPostprocessing = 0;
		};
/* End PBXFrameworksBuildPhase section */

/* Begin PBXGroup section */
		133999DB1C284C53009F52C2 = {
			isa = PBXGroup;
			children = (
				133999E61C284C54009F52C2 /* OcSwift */,
				13399A001C284C54009F52C2 /* OcSwiftTests */,
				13399A0B1C284C54009F52C2 /* OcSwiftUITests */,
				133999E51C284C54009F52C2 /* Products */,
			);
			sourceTree = "<group>";
		};
		133999E51C284C54009F52C2 /* Products */ = {
			isa = PBXGroup;
			children = (
				133999E41C284C54009F52C2 /* OcSwift.app */,
				133999FD1C284C54009F52C2 /* OcSwiftTests.xctest */,
				13399A081C284C54009F52C2 /* OcSwiftUITests.xctest */,
			);
			name = Products;
			sourceTree = "<group>";
		};
		133999E61C284C54009F52C2 /* OcSwift */ = {
			isa = PBXGroup;
			children = (
				133999EA1C284C54009F52C2 /* AppDelegate.h */,
				133999EB1C284C54009F52C2 /* AppDelegate.m */,
				133999ED1C284C54009F52C2 /* ViewController.h */,
				133999EE1C284C54009F52C2 /* ViewController.m */,
				133999F01C284C54009F52C2 /* Main.storyboard */,
				133999F31C284C54009F52C2 /* Assets.xcassets */,
				133999F51C284C54009F52C2 /* LaunchScreen.storyboard */,
				133999F81C284C54009F52C2 /* Info.plist */,
				133999E71C284C54009F52C2 /* Supporting Files */,
			);
			path = OcSwift;
			sourceTree = "<group>";
		};
		133999E71C284C54009F52C2 /* Supporting Files */ = {
			isa = PBXGroup;
			children = (
				133999E81C284C54009F52C2 /* main.m */,
			);
			name = "Supporting Files";
			sourceTree = "<group>";
		};
		13399A001C284C54009F52C2 /* OcSwiftTests */ = {
			isa = PBXGroup;
			children = (
				13399A011C284C54009F52C2 /* OcSwiftTests.m */,
				13399A031C284C54009F52C2 /* Info.plist */,
			);
			path = OcSwiftTests;
			sourceTree = "<group>";
		};
		13399A0B1C284C54009F52C2 /* OcSwiftUITests */ = {
			isa = PBXGroup;
			children = (
				13399A0C1C284C54009F52C2 /* OcSwiftUITests.m */,
				13399A0E1C284C54009F52C2 /* Info.plist */,
			);
			path = OcSwiftUITests;
			sourceTree = "<group>";
		};
/* End PBXGroup section */

/* Begin PBXNativeTarget section */
		133999E31C284C53009F52C2 /* OcSwift */ = {
			isa = PBXNativeTarget;
			buildConfigurationList = 13399A111C284C54009F52C2 /* Build configuration list for PBXNativeTarget "OcSwift" */;
			buildPhases = (
				133999E01C284C53009F52C2 /* Sources */,
				133999E11C284C53009F52C2 /* Frameworks */,
				133999E21C284C53009F52C2 /* Resources */,
			);
			buildRules = (
			);
			dependencies = (
			);
			name = OcSwift;
			productName = OcSwift;
			productReference = 133999E41C284C54009F52C2 /* OcSwift.app */;
			productType = "com.apple.product-type.application";
		};
		133999FC1C284C54009F52C2 /* OcSwiftTests */ = {
			isa = PBXNativeTarget;
			buildConfigurationList = 13399A141C284C54009F52C2 /* Build configuration list for PBXNativeTarget "OcSwiftTests" */;
			buildPhases = (
				133999F91C284C54009F52C2 /* Sources */,
				133999FA1C284C54009F52C2 /* Frameworks */,
				133999FB1C284C54009F52C2 /* Resources */,
			);
			buildRules = (
			);
			dependencies = (
				133999FF1C284C54009F52C2 /* PBXTargetDependency */,
			);
			name = OcSwiftTests;
			productName = OcSwiftTests;
			productReference = 133999FD1C284C54009F52C2 /* OcSwiftTests.xctest */;
			productType = "com.apple.product-type.bundle.unit-test";
		};
		13399A071C284C54009F52C2 /* OcSwiftUITests */ = {
			isa = PBXNativeTarget;
			buildConfigurationList = 13399A171C284C54009F52C2 /* Build configuration list for PBXNativeTarget "OcSwiftUITests" */;
			buildPhases = (
				13399A041C284C54009F52C2 /* Sources */,
				13399A051C284C54009F52C2 /* Frameworks */,
				13399A061C284C54009F52C2 /* Resources */,
			);
			buildRules = (
			);
			dependencies = (
				13399A0A1C284C54009F52C2 /* PBXTargetDependency */,
			);
			name = OcSwiftUITests;
			productName = OcSwiftUITests;
			productReference = 13399A081C284C54009F52C2 /* OcSwiftUITests.xctest */;
			productType = "com.apple.product-type.bundle.ui-testing";
		};
/* End PBXNativeTarget section */

/* Begin PBXProject section */
		133999DC1C284C53009F52C2 /* Project object */ = {
			isa = PBXProject;
			attributes = {
				LastUpgradeCheck = 0720;
				ORGANIZATIONNAME = "Yanzi Li";
				TargetAttributes = {
					133999E31C284C53009F52C2 = {
						CreatedOnToolsVersion = 7.2;
					};
					133999FC1C284C54009F52C2 = {
						CreatedOnToolsVersion = 7.2;
						TestTargetID = 133999E31C284C53009F52C2;
					};
					13399A071C284C54009F52C2 = {
						CreatedOnToolsVersion = 7.2;
						TestTargetID = 133999E31C284C53009F52C2;
					};
				};
			};
			buildConfigurationList = 133999DF1C284C53009F52C2 /* Build configuration list for PBXProject "OcSwift" */;
			compatibilityVersion = "Xcode 3.2";
			developmentRegion = English;
			hasScannedForEncodings = 0;
			knownRegions = (
				en,
				Base,
			);
			mainGroup = 133999DB1C284C53009F52C2;
			productRefGroup = 133999E51C284C54009F52C2 /* Products */;
			projectDirPath = "";
			projectRoot = "";
			targets = (
				133999E31C284C53009F52C2 /* OcSwift */,
				133999FC1C284C54009F52C2 /* OcSwiftTests */,
				13399A071C284C54009F52C2 /* OcSwiftUITests */,
			);
		};
/* End PBXProject section */

/* Begin PBXResourcesBuildPhase section */
		133999E21C284C53009F52C2 /* Resources */ = {
			isa = PBXResourcesBuildPhase;
			buildActionMask = 2147483647;
			files = (
				133999F71C284C54009F52C2 /* LaunchScreen.storyboard in Resources */,
				133999F41C284C54009F52C2 /* Assets.xcassets in Resources */,
				133999F21C284C54009F52C2 /* Main.storyboard in Resources */,
			);
			runOnlyForDeploymentPostprocessing = 0;
		};
		133999FB1C284C54009F52C2 /* Resources */ = {
			isa = PBXResourcesBuildPhase;
			buildActionMask = 2147483647;
			files = (
			);
			runOnlyForDeploymentPostprocessing = 0;
		};
		13399A061C284C54009F52C2 /* Resources */ = {
			isa = PBXResourcesBuildPhase;
			buildActionMask = 2147483647;
			files = (
			);
			runOnlyForDeploymentPostprocessing = 0;
		};
/* End PBXResourcesBuildPhase section */

/* Begin PBXSourcesBuildPhase section */
		133999E01C284C53009F52C2 /* Sources */ = {
			isa = PBXSourcesBuildPhase;
			buildActionMask = 2147483647;
			files = (
				133999EF1C284C54009F52C2 /* ViewController.m in Sources */,
				133999EC1C284C54009F52C2 /* AppDelegate.m in Sources */,
				133999E91C284C54009F52C2 /* main.m in Sources */,
			);
			runOnlyForDeploymentPostprocessing = 0;
		};
		133999F91C284C54009F52C2 /* Sources */ = {
			isa = PBXSourcesBuildPhase;
			buildActionMask = 2147483647;
			files = (
				13399A021C284C54009F52C2 /* OcSwiftTests.m in Sources */,
			);
			runOnlyForDeploymentPostprocessing = 0;
		};
		13399A041C284C54009F52C2 /* Sources */ = {
			isa = PBXSourcesBuildPhase;
			buildActionMask = 2147483647;
			files = (
				13399A0D1C284C54009F52C2 /* OcSwiftUITests.m in Sources */,
			);
			runOnlyForDeploymentPostprocessing = 0;
		};
/* End PBXSourcesBuildPhase section */

/* Begin PBXTargetDependency section */
		133999FF1C284C54009F52C2 /* PBXTargetDependency */ = {
			isa = PBXTargetDependency;
			target = 133999E31C284C53009F52C2 /* OcSwift */;
			targetProxy = 133999FE1C284C54009F52C2 /* PBXContainerItemProxy */;
		};
		13399A0A1C284C54009F52C2 /* PBXTargetDependency */ = {
			isa = PBXTargetDependency;
			target = 133999E31C284C53009F52C2 /* OcSwift */;
			targetProxy = 13399A091C284C54009F52C2 /* PBXContainerItemProxy */;
		};
/* End PBXTargetDependency section */

/* Begin PBXVariantGroup section */
		133999F01C284C54009F52C2 /* Main.storyboard */ = {
			isa = PBXVariantGroup;
			children = (
				133999F11C284C54009F52C2 /* Base */,
			);
			name = Main.storyboard;
			sourceTree = "<group>";
		};
		133999F51C284C54009F52C2 /* LaunchScreen.storyboard */ = {
			isa = PBXVariantGroup;
			children = (
				133999F61C284C54009F52C2 /* Base */,
			);
			name = LaunchScreen.storyboard;
			sourceTree = "<group>";
		};
/* End PBXVariantGroup section */

/* Begin XCBuildConfiguration section */
		13399A0F1C284C54009F52C2 /* Debug */ = {
			isa = XCBuildConfiguration;
			buildSettings = {
				ALWAYS_SEARCH_USER_PATHS = NO;
				CLANG_CXX_LANGUAGE_STANDARD = "gnu++0x";
				CLANG_CXX_LIBRARY = "libc++";
				CLANG_ENABLE_MODULES = YES;
				CLANG_ENABLE_OBJC_ARC = YES;
				CLANG_WARN_BOOL_CONVERSION = YES;
				CLANG_WARN_CONSTANT_CONVERSION = YES;
				CLANG_WARN_DIRECT_OBJC_ISA_USAGE = YES_ERROR;
				CLANG_WARN_EMPTY_BODY = YES;
				CLANG_WARN_ENUM_CONVERSION = YES;
				CLANG_WARN_INT_CONVERSION = YES;
				CLANG_WARN_OBJC_ROOT_CLASS = YES_ERROR;
				CLANG_WARN_UNREACHABLE_CODE = YES;
				CLANG_WARN__DUPLICATE_METHOD_MATCH = YES;
				"CODE_SIGN_IDENTITY[sdk=iphoneos*]" = "iPhone Developer";
				COPY_PHASE_STRIP = NO;
				DEBUG_INFORMATION_FORMAT = dwarf;
				ENABLE_STRICT_OBJC_MSGSEND = YES;
				ENABLE_TESTABILITY = YES;
				GCC_C_LANGUAGE_STANDARD = gnu99;
				GCC_DYNAMIC_NO_PIC = NO;
				GCC_NO_COMMON_BLOCKS = YES;
				GCC_OPTIMIZATION_LEVEL = 0;
				GCC_PREPROCESSOR_DEFINITIONS = (
					"DEBUG=1",
					"$(inherited)",
				);
				GCC_WARN_64_TO_32_BIT_CONVERSION = YES;
				GCC_WARN_ABOUT_RETURN_TYPE = YES_ERROR;
				GCC_WARN_UNDECLARED_SELECTOR = YES;
				GCC_WARN_UNINITIALIZED_AUTOS = YES_AGGRESSIVE;
				GCC_WARN_UNUSED_FUNCTION = YES;
				GCC_WARN_UNUSED_VARIABLE = YES;
				IPHONEOS_DEPLOYMENT_TARGET = 9.2;
				MTL_ENABLE_DEBUG_INFO = YES;
				ONLY_ACTIVE_ARCH = YES;
				SDKROOT = iphoneos;
				TARGETED_DEVICE_FAMILY = "1,2";
			};
			name = Debug;
		};
		13399A101C284C54009F52C2 /* Release */ = {
			isa = XCBuildConfiguration;
			buildSettings = {
				ALWAYS_SEARCH_USER_PATHS = NO;
				CLANG_CXX_LANGUAGE_STANDARD = "gnu++0x";
				CLANG_CXX_LIBRARY = "libc++";
				CLANG_ENABLE_MODULES = YES;
				CLANG_ENABLE_OBJC_ARC = YES;
				CLANG_WARN_BOOL_CONVERSION = YES;
				CLANG_WARN_CONSTANT_CONVERSION = YES;
				CLANG_WARN_DIRECT_OBJC_ISA_USAGE = YES_ERROR;
				CLANG_WARN_EMPTY_BODY = YES;
				CLANG_WARN_ENUM_CONVERSION = YES;
				CLANG_WARN_INT_CONVERSION = YES;
				CLANG_WARN_OBJC_ROOT_CLASS = YES_ERROR;
				CLANG_WARN_UNREACHABLE_CODE = YES;
				CLANG_WARN__DUPLICATE_METHOD_MATCH = YES;
				"CODE_SIGN_IDENTITY[sdk=iphoneos*]" = "iPhone Developer";
				COPY_PHASE_STRIP = NO;
				DEBUG_INFORMATION_FORMAT = "dwarf-with-dsym";
				ENABLE_NS_ASSERTIONS = NO;
				ENABLE_STRICT_OBJC_MSGSEND = YES;
				GCC_C_LANGUAGE_STANDARD = gnu99;
				GCC_NO_COMMON_BLOCKS = YES;
				GCC_WARN_64_TO_32_BIT_CONVERSION = YES;
				GCC_WARN_ABOUT_RETURN_TYPE = YES_ERROR;
				GCC_WARN_UNDECLARED_SELECTOR = YES;
				GCC_WARN_UNINITIALIZED_AUTOS = YES_AGGRESSIVE;
				GCC_WARN_UNUSED_FUNCTION = YES;
				GCC_WARN_UNUSED_VARIABLE = YES;
				IPHONEOS_DEPLOYMENT_TARGET = 9.2;
				MTL_ENABLE_DEBUG_INFO = NO;
				SDKROOT = iphoneos;
				TARGETED_DEVICE_FAMILY = "1,2";
				VALIDATE_PRODUCT = YES;
			};
			name = Release;
		};
		13399A121C284C54009F52C2 /* Debug */ = {
			isa = XCBuildConfiguration;
			buildSettings = {
				ASSETCATALOG_COMPILER_APPICON_NAME = AppIcon;
				INFOPLIST_FILE = OcSwift/Info.plist;
				LD_RUNPATH_SEARCH_PATHS = "$(inherited) @executable_path/Frameworks";
				PRODUCT_BUNDLE_IDENTIFIER = com.thoughtworks.OcSwift;
				PRODUCT_NAME = "$(TARGET_NAME)";
			};
			name = Debug;
		};
		13399A131C284C54009F52C2 /* Release */ = {
			isa = XCBuildConfiguration;
			buildSettings = {
				ASSETCATALOG_COMPILER_APPICON_NAME = AppIcon;
				INFOPLIST_FILE = OcSwift/Info.plist;
				LD_RUNPATH_SEARCH_PATHS = "$(inherited) @executable_path/Frameworks";
				PRODUCT_BUNDLE_IDENTIFIER = com.thoughtworks.OcSwift;
				PRODUCT_NAME = "$(TARGET_NAME)";
			};
			name = Release;
		};
		13399A151C284C54009F52C2 /* Debug */ = {
			isa = XCBuildConfiguration;
			buildSettings = {
				BUNDLE_LOADER = "$(TEST_HOST)";
				INFOPLIST_FILE = OcSwiftTests/Info.plist;
				LD_RUNPATH_SEARCH_PATHS = "$(inherited) @executable_path/Frameworks @loader_path/Frameworks";
				PRODUCT_BUNDLE_IDENTIFIER = com.thoughtworks.OcSwiftTests;
				PRODUCT_NAME = "$(TARGET_NAME)";
				TEST_HOST = "$(BUILT_PRODUCTS_DIR)/OcSwift.app/OcSwift";
			};
			name = Debug;
		};
		13399A161C284C54009F52C2 /* Release */ = {
			isa = XCBuildConfiguration;
			buildSettings = {
				BUNDLE_LOADER = "$(TEST_HOST)";
				INFOPLIST_FILE = OcSwiftTests/Info.plist;
				LD_RUNPATH_SEARCH_PATHS = "$(inherited) @executable_path/Frameworks @loader_path/Frameworks";
				PRODUCT_BUNDLE_IDENTIFIER = com.thoughtworks.OcSwiftTests;
				PRODUCT_NAME = "$(TARGET_NAME)";
				TEST_HOST = "$(BUILT_PRODUCTS_DIR)/OcSwift.app/OcSwift";
			};
			name = Release;
		};
		13399A181C284C54009F52C2 /* Debug */ = {
			isa = XCBuildConfiguration;
			buildSettings = {
				INFOPLIST_FILE = OcSwiftUITests/Info.plist;
				LD_RUNPATH_SEARCH_PATHS = "$(inherited) @executable_path/Frameworks @loader_path/Frameworks";
				PRODUCT_BUNDLE_IDENTIFIER = com.thoughtworks.OcSwiftUITests;
				PRODUCT_NAME = "$(TARGET_NAME)";
				TEST_TARGET_NAME = OcSwift;
				USES_XCTRUNNER = YES;
			};
			name = Debug;
		};
		13399A191C284C54009F52C2 /* Release */ = {
			isa = XCBuildConfiguration;
			buildSettings = {
				INFOPLIST_FILE = OcSwiftUITests/Info.plist;
				LD_RUNPATH_SEARCH_PATHS = "$(inherited) @executable_path/Frameworks @loader_path/Frameworks";
				PRODUCT_BUNDLE_IDENTIFIER = com.thoughtworks.OcSwiftUITests;
				PRODUCT_NAME = "$(TARGET_NAME)";
				TEST_TARGET_NAME = OcSwift;
				USES_XCTRUNNER = YES;
			};
			name = Release;
		};
/* End XCBuildConfiguration section */

/* Begin XCConfigurationList section */
		133999DF1C284C53009F52C2 /* Build configuration list for PBXProject "OcSwift" */ = {
			isa = XCConfigurationList;
			buildConfigurations = (
				13399A0F1C284C54009F52C2 /* Debug */,
				13399A101C284C54009F52C2 /* Release */,
			);
			defaultConfigurationIsVisible = 0;
			defaultConfigurationName = Release;
		};
		13399A111C284C54009F52C2 /* Build configuration list for PBXNativeTarget "OcSwift" */ = {
			isa = XCConfigurationList;
			buildConfigurations = (
				13399A121C284C54009F52C2 /* Debug */,
				13399A131C284C54009F52C2 /* Release */,
			);
			defaultConfigurationIsVisible = 0;
		};
		13399A141C284C54009F52C2 /* Build configuration list for PBXNativeTarget "OcSwiftTests" */ = {
			isa = XCConfigurationList;
			buildConfigurations = (
				13399A151C284C54009F52C2 /* Debug */,
				13399A161C284C54009F52C2 /* Release */,
			);
			defaultConfigurationIsVisible = 0;
		};
		13399A171C284C54009F52C2 /* Build configuration list for PBXNativeTarget "OcSwiftUITests" */ = {
			isa = XCConfigurationList;
			buildConfigurations = (
				13399A181C284C54009F52C2 /* Debug */,
				13399A191C284C54009F52C2 /* Release */,
			);
			defaultConfigurationIsVisible = 0;
		};
/* End XCConfigurationList section */
	};
	rootObject = 133999DC1C284C53009F52C2 /* Project object */;
}
